
Microsoft Visual Studio Solution File, Format Version 12.00
# Visual Studio 15
VisualStudioVersion = 15.0.27130.2020
MinimumVisualStudioVersion = 10.0.40219.1
Project("{FAE04EC0-301F-11D3-BF4B-00C04F79EFBC}") = "RenameFileOnDataMatrix", "EvaluateAndRename\RenameFileOnDataMatrix.csproj", "{360DC23D-0E64-4F98-8862-6E069EA2CBDB}"
EndProject
Global
	GlobalSection(SolutionConfigurationPlatforms) = preSolution
		Debug|Any CPU = Debug|Any CPU
		Release|Any CPU = Release|Any CPU
	EndGlobalSection
	GlobalSection(ProjectConfigurationPlatforms) = postSolution
		{360DC23D-0E64-4F98-8862-6E069EA2CBDB}.Debug|Any CPU.ActiveCfg = Debug|Any CPU
		{360DC23D-0E64-4F98-8862-6E069EA2CBDB}.Debug|Any CPU.Build.0 = Debug|Any CPU
		{360DC23D-0E64-4F98-8862-6E069EA2CBDB}.Release|Any CPU.ActiveCfg = Release|Any CPU
		{360DC23D-0E64-4F98-8862-6E069EA2CBDB}.Release|Any CPU.Build.0 = Release|Any CPU
	EndGlobalSection
	GlobalSection(SolutionProperties) = preSolution
		HideSolutionNode = FALSE
	EndGlobalSection
	GlobalSection(ExtensibilityGlobals) = postSolution
		SolutionGuid = {DE9DE36A-BFE5-4158-82D8-2549EF0242CD}
	EndGlobalSection
EndGlobal
